// !$*UTF8*$!
{
	archiveVersion = 1;
	classes = {
	};
	objectVersion = 56;
	objects = {

/* Begin PBXBuildFile section */
		377C4B5110C0E72B521BAE02 /* Pods_LibraryApp.framework in Frameworks */ = {isa = PBXBuildFile; fileRef = 75D66F65CED9D81D237ECA0C /* Pods_LibraryApp.framework */; };
		DA0E6AA829E8B395000193D9 /* Books.storyboard in Resources */ = {isa = PBXBuildFile; fileRef = DA0E6AA729E8B395000193D9 /* Books.storyboard */; };
		DA0E6AAA29E8B3A7000193D9 /* BooksViewController.swift in Sources */ = {isa = PBXBuildFile; fileRef = DA0E6AA929E8B3A7000193D9 /* BooksViewController.swift */; };
		DA0E6AAD29E8B50C000193D9 /* BooksCollectionViewCell.swift in Sources */ = {isa = PBXBuildFile; fileRef = DA0E6AAC29E8B50C000193D9 /* BooksCollectionViewCell.swift */; };
		DA3D840E29E8B2B7007F24D0 /* AppDelegate.swift in Sources */ = {isa = PBXBuildFile; fileRef = DA3D840D29E8B2B7007F24D0 /* AppDelegate.swift */; };
		DA3D841029E8B2B7007F24D0 /* SceneDelegate.swift in Sources */ = {isa = PBXBuildFile; fileRef = DA3D840F29E8B2B7007F24D0 /* SceneDelegate.swift */; };
		DA3D841729E8B2B9007F24D0 /* Assets.xcassets in Resources */ = {isa = PBXBuildFile; fileRef = DA3D841629E8B2B9007F24D0 /* Assets.xcassets */; };
		DA3D841A29E8B2B9007F24D0 /* LaunchScreen.storyboard in Resources */ = {isa = PBXBuildFile; fileRef = DA3D841829E8B2B9007F24D0 /* LaunchScreen.storyboard */; };
		DAC33EF829E9588600E1765A /* BooksListViewModel.swift in Sources */ = {isa = PBXBuildFile; fileRef = DAC33EF729E9588600E1765A /* BooksListViewModel.swift */; };
		DAC33EFD29E9646000E1765A /* Detail.storyboard in Resources */ = {isa = PBXBuildFile; fileRef = DAC33EFC29E9646000E1765A /* Detail.storyboard */; };
		DAC33EFF29E9646D00E1765A /* DetailViewController.swift in Sources */ = {isa = PBXBuildFile; fileRef = DAC33EFE29E9646D00E1765A /* DetailViewController.swift */; };
		DADB1E8929E9836A00D1364C /* LoadingLabel.swift in Sources */ = {isa = PBXBuildFile; fileRef = DADB1E8829E9836A00D1364C /* LoadingLabel.swift */; };
		DADB1E8C29E99B8800D1364C /* AppConstant.swift in Sources */ = {isa = PBXBuildFile; fileRef = DADB1E8B29E99B8800D1364C /* AppConstant.swift */; };
		DADB1E9129E9A1DA00D1364C /* Onboarding.storyboard in Resources */ = {isa = PBXBuildFile; fileRef = DADB1E9029E9A1DA00D1364C /* Onboarding.storyboard */; };
		DADB1E9329E9A1E700D1364C /* OnbordingViewController.swift in Sources */ = {isa = PBXBuildFile; fileRef = DADB1E9229E9A1E700D1364C /* OnbordingViewController.swift */; };
		DADB1E9629E9A26400D1364C /* UserDefaultsManager.swift in Sources */ = {isa = PBXBuildFile; fileRef = DADB1E9529E9A26400D1364C /* UserDefaultsManager.swift */; };
		DADB1E9929E9A33400D1364C /* OnbordingEnum.swift in Sources */ = {isa = PBXBuildFile; fileRef = DADB1E9829E9A33400D1364C /* OnbordingEnum.swift */; };
		DADB1E9E29E9A7E900D1364C /* 99349-girl-with-books.json in Resources */ = {isa = PBXBuildFile; fileRef = DADB1E9C29E9A7E900D1364C /* 99349-girl-with-books.json */; };
		DADB1E9F29E9A7E900D1364C /* 114386-welcome.json in Resources */ = {isa = PBXBuildFile; fileRef = DADB1E9D29E9A7E900D1364C /* 114386-welcome.json */; };
/* End PBXBuildFile section */

/* Begin PBXFileReference section */
		4BF406426990BCF62D6F3331 /* Pods-LibraryApp.release.xcconfig */ = {isa = PBXFileReference; includeInIndex = 1; lastKnownFileType = text.xcconfig; name = "Pods-LibraryApp.release.xcconfig"; path = "Target Support Files/Pods-LibraryApp/Pods-LibraryApp.release.xcconfig"; sourceTree = "<group>"; };
		75D66F65CED9D81D237ECA0C /* Pods_LibraryApp.framework */ = {isa = PBXFileReference; explicitFileType = wrapper.framework; includeInIndex = 0; path = Pods_LibraryApp.framework; sourceTree = BUILT_PRODUCTS_DIR; };
		B11EFAEBB0B5B6C818A110CE /* Pods-LibraryApp.debug.xcconfig */ = {isa = PBXFileReference; includeInIndex = 1; lastKnownFileType = text.xcconfig; name = "Pods-LibraryApp.debug.xcconfig"; path = "Target Support Files/Pods-LibraryApp/Pods-LibraryApp.debug.xcconfig"; sourceTree = "<group>"; };
		DA0E6AA729E8B395000193D9 /* Books.storyboard */ = {isa = PBXFileReference; lastKnownFileType = file.storyboard; path = Books.storyboard; sourceTree = "<group>"; };
		DA0E6AA929E8B3A7000193D9 /* BooksViewController.swift */ = {isa = PBXFileReference; lastKnownFileType = sourcecode.swift; path = BooksViewController.swift; sourceTree = "<group>"; };
		DA0E6AAC29E8B50C000193D9 /* BooksCollectionViewCell.swift */ = {isa = PBXFileReference; lastKnownFileType = sourcecode.swift; path = BooksCollectionViewCell.swift; sourceTree = "<group>"; };
		DA3D840A29E8B2B7007F24D0 /* LibraryApp.app */ = {isa = PBXFileReference; explicitFileType = wrapper.application; includeInIndex = 0; path = LibraryApp.app; sourceTree = BUILT_PRODUCTS_DIR; };
		DA3D840D29E8B2B7007F24D0 /* AppDelegate.swift */ = {isa = PBXFileReference; lastKnownFileType = sourcecode.swift; path = AppDelegate.swift; sourceTree = "<group>"; };
		DA3D840F29E8B2B7007F24D0 /* SceneDelegate.swift */ = {isa = PBXFileReference; lastKnownFileType = sourcecode.swift; path = SceneDelegate.swift; sourceTree = "<group>"; };
		DA3D841629E8B2B9007F24D0 /* Assets.xcassets */ = {isa = PBXFileReference; lastKnownFileType = folder.assetcatalog; path = Assets.xcassets; sourceTree = "<group>"; };
		DA3D841929E8B2B9007F24D0 /* Base */ = {isa = PBXFileReference; lastKnownFileType = file.storyboard; name = Base; path = Base.lproj/LaunchScreen.storyboard; sourceTree = "<group>"; };
		DA3D841B29E8B2B9007F24D0 /* Info.plist */ = {isa = PBXFileReference; lastKnownFileType = text.plist.xml; path = Info.plist; sourceTree = "<group>"; };
		DAC33EF729E9588600E1765A /* BooksListViewModel.swift */ = {isa = PBXFileReference; lastKnownFileType = sourcecode.swift; path = BooksListViewModel.swift; sourceTree = "<group>"; };
		DAC33EFC29E9646000E1765A /* Detail.storyboard */ = {isa = PBXFileReference; lastKnownFileType = file.storyboard; path = Detail.storyboard; sourceTree = "<group>"; };
		DAC33EFE29E9646D00E1765A /* DetailViewController.swift */ = {isa = PBXFileReference; lastKnownFileType = sourcecode.swift; path = DetailViewController.swift; sourceTree = "<group>"; };
		DADB1E8829E9836A00D1364C /* LoadingLabel.swift */ = {isa = PBXFileReference; lastKnownFileType = sourcecode.swift; path = LoadingLabel.swift; sourceTree = "<group>"; };
		DADB1E8B29E99B8800D1364C /* AppConstant.swift */ = {isa = PBXFileReference; lastKnownFileType = sourcecode.swift; path = AppConstant.swift; sourceTree = "<group>"; };
		DADB1E9029E9A1DA00D1364C /* Onboarding.storyboard */ = {isa = PBXFileReference; lastKnownFileType = file.storyboard; path = Onboarding.storyboard; sourceTree = "<group>"; };
		DADB1E9229E9A1E700D1364C /* OnbordingViewController.swift */ = {isa = PBXFileReference; lastKnownFileType = sourcecode.swift; path = OnbordingViewController.swift; sourceTree = "<group>"; };
		DADB1E9529E9A26400D1364C /* UserDefaultsManager.swift */ = {isa = PBXFileReference; lastKnownFileType = sourcecode.swift; path = UserDefaultsManager.swift; sourceTree = "<group>"; };
		DADB1E9829E9A33400D1364C /* OnbordingEnum.swift */ = {isa = PBXFileReference; lastKnownFileType = sourcecode.swift; path = OnbordingEnum.swift; sourceTree = "<group>"; };
		DADB1E9C29E9A7E900D1364C /* 99349-girl-with-books.json */ = {isa = PBXFileReference; fileEncoding = 4; lastKnownFileType = text.json; name = "99349-girl-with-books.json"; path = "../../../../99349-girl-with-books.json"; sourceTree = "<group>"; };
		DADB1E9D29E9A7E900D1364C /* 114386-welcome.json */ = {isa = PBXFileReference; fileEncoding = 4; lastKnownFileType = text.json; name = "114386-welcome.json"; path = "../../../../114386-welcome.json"; sourceTree = "<group>"; };
/* End PBXFileReference section */

/* Begin PBXFrameworksBuildPhase section */
		DA3D840729E8B2B7007F24D0 /* Frameworks */ = {
			isa = PBXFrameworksBuildPhase;
			buildActionMask = 2147483647;
			files = (
				377C4B5110C0E72B521BAE02 /* Pods_LibraryApp.framework in Frameworks */,
			);
			runOnlyForDeploymentPostprocessing = 0;
		};
/* End PBXFrameworksBuildPhase section */

/* Begin PBXGroup section */
		13E7AB7660140EDD9F901BB4 /* Pods */ = {
			isa = PBXGroup;
			children = (
				B11EFAEBB0B5B6C818A110CE /* Pods-LibraryApp.debug.xcconfig */,
				4BF406426990BCF62D6F3331 /* Pods-LibraryApp.release.xcconfig */,
			);
			path = Pods;
			sourceTree = "<group>";
		};
		73ED2E0A49CC12FC3F93A093 /* Frameworks */ = {
			isa = PBXGroup;
			children = (
				75D66F65CED9D81D237ECA0C /* Pods_LibraryApp.framework */,
			);
			name = Frameworks;
			sourceTree = "<group>";
		};
		DA0E6AA029E8B31A000193D9 /* Groups */ = {
			isa = PBXGroup;
			children = (
				DADB1E8D29E9A1C400D1364C /* Onbording */,
				DA0E6AA429E8B37B000193D9 /* LaunchScreen */,
				DA0E6AA129E8B35C000193D9 /* BooksViewController */,
				DAC33EF929E9643F00E1765A /* DetailViewContoller */,
			);
			path = Groups;
			sourceTree = "<group>";
		};
		DA0E6AA129E8B35C000193D9 /* BooksViewController */ = {
			isa = PBXGroup;
			children = (
				DAC33EF629E9584800E1765A /* ViewModel */,
				DA0E6AAB29E8B4FC000193D9 /* Cell */,
				DA0E6AA329E8B370000193D9 /* Storyboard */,
				DA0E6AA229E8B369000193D9 /* VewController */,
			);
			path = BooksViewController;
			sourceTree = "<group>";
		};
		DA0E6AA229E8B369000193D9 /* VewController */ = {
			isa = PBXGroup;
			children = (
				DA0E6AA929E8B3A7000193D9 /* BooksViewController.swift */,
			);
			path = VewController;
			sourceTree = "<group>";
		};
		DA0E6AA329E8B370000193D9 /* Storyboard */ = {
			isa = PBXGroup;
			children = (
				DA0E6AA729E8B395000193D9 /* Books.storyboard */,
			);
			path = Storyboard;
			sourceTree = "<group>";
		};
		DA0E6AA429E8B37B000193D9 /* LaunchScreen */ = {
			isa = PBXGroup;
			children = (
				DA3D841829E8B2B9007F24D0 /* LaunchScreen.storyboard */,
			);
			path = LaunchScreen;
			sourceTree = "<group>";
		};
		DA0E6AAB29E8B4FC000193D9 /* Cell */ = {
			isa = PBXGroup;
			children = (
				DA0E6AAC29E8B50C000193D9 /* BooksCollectionViewCell.swift */,
			);
			path = Cell;
			sourceTree = "<group>";
		};
		DA3D840129E8B2B7007F24D0 = {
			isa = PBXGroup;
			children = (
				DA3D840C29E8B2B7007F24D0 /* LibraryApp */,
				DA3D840B29E8B2B7007F24D0 /* Products */,
				13E7AB7660140EDD9F901BB4 /* Pods */,
				73ED2E0A49CC12FC3F93A093 /* Frameworks */,
			);
			sourceTree = "<group>";
		};
		DA3D840B29E8B2B7007F24D0 /* Products */ = {
			isa = PBXGroup;
			children = (
				DA3D840A29E8B2B7007F24D0 /* LibraryApp.app */,
			);
			name = Products;
			sourceTree = "<group>";
		};
		DA3D840C29E8B2B7007F24D0 /* LibraryApp */ = {
			isa = PBXGroup;
			children = (
				DA0E6AA029E8B31A000193D9 /* Groups */,
				DA3D840D29E8B2B7007F24D0 /* AppDelegate.swift */,
				DA3D840F29E8B2B7007F24D0 /* SceneDelegate.swift */,
				DA3D841629E8B2B9007F24D0 /* Assets.xcassets */,
				DA3D841B29E8B2B9007F24D0 /* Info.plist */,
				DADB1E8729E9835200D1364C /* Core */,
				DADB1E9A29E9A7CC00D1364C /* Components */,
			);
			path = LibraryApp;
			sourceTree = "<group>";
		};
		DAC33EF629E9584800E1765A /* ViewModel */ = {
			isa = PBXGroup;
			children = (
				DAC33EF729E9588600E1765A /* BooksListViewModel.swift */,
			);
			path = ViewModel;
			sourceTree = "<group>";
		};
		DAC33EF929E9643F00E1765A /* DetailViewContoller */ = {
			isa = PBXGroup;
			children = (
				DAC33EFB29E9645300E1765A /* Storyboard */,
				DAC33EFA29E9644E00E1765A /* ViewController */,
			);
			path = DetailViewContoller;
			sourceTree = "<group>";
		};
		DAC33EFA29E9644E00E1765A /* ViewController */ = {
			isa = PBXGroup;
			children = (
				DAC33EFE29E9646D00E1765A /* DetailViewController.swift */,
			);
			path = ViewController;
			sourceTree = "<group>";
		};
		DAC33EFB29E9645300E1765A /* Storyboard */ = {
			isa = PBXGroup;
			children = (
				DAC33EFC29E9646000E1765A /* Detail.storyboard */,
			);
			path = Storyboard;
			sourceTree = "<group>";
		};
		DADB1E8729E9835200D1364C /* Core */ = {
			isa = PBXGroup;
			children = (
				DADB1E8829E9836A00D1364C /* LoadingLabel.swift */,
				DADB1E8B29E99B8800D1364C /* AppConstant.swift */,
				DADB1E9529E9A26400D1364C /* UserDefaultsManager.swift */,
			);
			path = Core;
			sourceTree = "<group>";
		};
		DADB1E8D29E9A1C400D1364C /* Onbording */ = {
			isa = PBXGroup;
			children = (
				DADB1E9729E9A32B00D1364C /* Enum */,
				DADB1E8F29E9A1CD00D1364C /* Storyboard */,
				DADB1E8E29E9A1C800D1364C /* ViewController */,
			);
			path = Onbording;
			sourceTree = "<group>";
		};
		DADB1E8E29E9A1C800D1364C /* ViewController */ = {
			isa = PBXGroup;
			children = (
				DADB1E9229E9A1E700D1364C /* OnbordingViewController.swift */,
			);
			path = ViewController;
			sourceTree = "<group>";
		};
		DADB1E8F29E9A1CD00D1364C /* Storyboard */ = {
			isa = PBXGroup;
			children = (
				DADB1E9029E9A1DA00D1364C /* Onboarding.storyboard */,
			);
			path = Storyboard;
			sourceTree = "<group>";
		};
		DADB1E9729E9A32B00D1364C /* Enum */ = {
			isa = PBXGroup;
			children = (
				DADB1E9829E9A33400D1364C /* OnbordingEnum.swift */,
			);
			path = Enum;
			sourceTree = "<group>";
		};
		DADB1E9A29E9A7CC00D1364C /* Components */ = {
			isa = PBXGroup;
			children = (
				DADB1E9B29E9A7D700D1364C /* Lottie */,
			);
			path = Components;
			sourceTree = "<group>";
		};
		DADB1E9B29E9A7D700D1364C /* Lottie */ = {
			isa = PBXGroup;
			children = (
				DADB1E9C29E9A7E900D1364C /* 99349-girl-with-books.json */,
				DADB1E9D29E9A7E900D1364C /* 114386-welcome.json */,
			);
			path = Lottie;
			sourceTree = "<group>";
		};
/* End PBXGroup section */

/* Begin PBXNativeTarget section */
		DA3D840929E8B2B7007F24D0 /* LibraryApp */ = {
			isa = PBXNativeTarget;
			buildConfigurationList = DA3D841E29E8B2B9007F24D0 /* Build configuration list for PBXNativeTarget "LibraryApp" */;
			buildPhases = (
				F8A229BD0235FF0DBE2DC0C6 /* [CP] Check Pods Manifest.lock */,
				DA3D840629E8B2B7007F24D0 /* Sources */,
				DA3D840729E8B2B7007F24D0 /* Frameworks */,
				DA3D840829E8B2B7007F24D0 /* Resources */,
				6E2821C126B56D327CC7E883 /* [CP] Embed Pods Frameworks */,
			);
			buildRules = (
			);
			dependencies = (
			);
			name = LibraryApp;
			productName = LibraryApp;
			productReference = DA3D840A29E8B2B7007F24D0 /* LibraryApp.app */;
			productType = "com.apple.product-type.application";
		};
/* End PBXNativeTarget section */

/* Begin PBXProject section */
		DA3D840229E8B2B7007F24D0 /* Project object */ = {
			isa = PBXProject;
			attributes = {
				BuildIndependentTargetsInParallel = 1;
				LastSwiftUpdateCheck = 1420;
				LastUpgradeCheck = 1420;
				TargetAttributes = {
					DA3D840929E8B2B7007F24D0 = {
						CreatedOnToolsVersion = 14.2;
					};
				};
			};
			buildConfigurationList = DA3D840529E8B2B7007F24D0 /* Build configuration list for PBXProject "LibraryApp" */;
			compatibilityVersion = "Xcode 14.0";
			developmentRegion = en;
			hasScannedForEncodings = 0;
			knownRegions = (
				en,
				Base,
			);
			mainGroup = DA3D840129E8B2B7007F24D0;
			productRefGroup = DA3D840B29E8B2B7007F24D0 /* Products */;
			projectDirPath = "";
			projectRoot = "";
			targets = (
				DA3D840929E8B2B7007F24D0 /* LibraryApp */,
			);
		};
/* End PBXProject section */

/* Begin PBXResourcesBuildPhase section */
		DA3D840829E8B2B7007F24D0 /* Resources */ = {
			isa = PBXResourcesBuildPhase;
			buildActionMask = 2147483647;
			files = (
				DA3D841A29E8B2B9007F24D0 /* LaunchScreen.storyboard in Resources */,
				DADB1E9129E9A1DA00D1364C /* Onboarding.storyboard in Resources */,
				DA0E6AA829E8B395000193D9 /* Books.storyboard in Resources */,
				DADB1E9E29E9A7E900D1364C /* 99349-girl-with-books.json in Resources */,
				DADB1E9F29E9A7E900D1364C /* 114386-welcome.json in Resources */,
				DAC33EFD29E9646000E1765A /* Detail.storyboard in Resources */,
				DA3D841729E8B2B9007F24D0 /* Assets.xcassets in Resources */,
			);
			runOnlyForDeploymentPostprocessing = 0;
		};
/* End PBXResourcesBuildPhase section */

/* Begin PBXShellScriptBuildPhase section */
		6E2821C126B56D327CC7E883 /* [CP] Embed Pods Frameworks */ = {
			isa = PBXShellScriptBuildPhase;
			buildActionMask = 2147483647;
			files = (
			);
			inputFileListPaths = (
				"${PODS_ROOT}/Target Support Files/Pods-LibraryApp/Pods-LibraryApp-frameworks-${CONFIGURATION}-input-files.xcfilelist",
			);
			name = "[CP] Embed Pods Frameworks";
			outputFileListPaths = (
				"${PODS_ROOT}/Target Support Files/Pods-LibraryApp/Pods-LibraryApp-frameworks-${CONFIGURATION}-output-files.xcfilelist",
			);
			runOnlyForDeploymentPostprocessing = 0;
			shellPath = /bin/sh;
			shellScript = "\"${PODS_ROOT}/Target Support Files/Pods-LibraryApp/Pods-LibraryApp-frameworks.sh\"\n";
			showEnvVarsInLog = 0;
		};
		F8A229BD0235FF0DBE2DC0C6 /* [CP] Check Pods Manifest.lock */ = {
			isa = PBXShellScriptBuildPhase;
			buildActionMask = 2147483647;
			files = (
			);
			inputFileListPaths = (
			);
			inputPaths = (
				"${PODS_PODFILE_DIR_PATH}/Podfile.lock",
				"${PODS_ROOT}/Manifest.lock",
			);
			name = "[CP] Check Pods Manifest.lock";
			outputFileListPaths = (
			);
			outputPaths = (
				"$(DERIVED_FILE_DIR)/Pods-LibraryApp-checkManifestLockResult.txt",
			);
			runOnlyForDeploymentPostprocessing = 0;
			shellPath = /bin/sh;
			shellScript = "diff \"${PODS_PODFILE_DIR_PATH}/Podfile.lock\" \"${PODS_ROOT}/Manifest.lock\" > /dev/null\nif [ $? != 0 ] ; then\n    # print error to STDERR\n    echo \"error: The sandbox is not in sync with the Podfile.lock. Run 'pod install' or update your CocoaPods installation.\" >&2\n    exit 1\nfi\n# This output is used by Xcode 'outputs' to avoid re-running this script phase.\necho \"SUCCESS\" > \"${SCRIPT_OUTPUT_FILE_0}\"\n";
			showEnvVarsInLog = 0;
		};
/* End PBXShellScriptBuildPhase section */

/* Begin PBXSourcesBuildPhase section */
		DA3D840629E8B2B7007F24D0 /* Sources */ = {
			isa = PBXSourcesBuildPhase;
			buildActionMask = 2147483647;
			files = (
				DADB1E9329E9A1E700D1364C /* OnbordingViewController.swift in Sources */,
				DA3D840E29E8B2B7007F24D0 /* AppDelegate.swift in Sources */,
				DAC33EF829E9588600E1765A /* BooksListViewModel.swift in Sources */,
				DA0E6AAD29E8B50C000193D9 /* BooksCollectionViewCell.swift in Sources */,
				DADB1E9929E9A33400D1364C /* OnbordingEnum.swift in Sources */,
				DADB1E8929E9836A00D1364C /* LoadingLabel.swift in Sources */,
				DA3D841029E8B2B7007F24D0 /* SceneDelegate.swift in Sources */,
				DADB1E9629E9A26400D1364C /* UserDefaultsManager.swift in Sources */,
				DA0E6AAA29E8B3A7000193D9 /* BooksViewController.swift in Sources */,
				DAC33EFF29E9646D00E1765A /* DetailViewController.swift in Sources */,
				DADB1E8C29E99B8800D1364C /* AppConstant.swift in Sources */,
			);
			runOnlyForDeploymentPostprocessing = 0;
		};
/* End PBXSourcesBuildPhase section */

/* Begin PBXVariantGroup section */
		DA3D841829E8B2B9007F24D0 /* LaunchScreen.storyboard */ = {
			isa = PBXVariantGroup;
			children = (
				DA3D841929E8B2B9007F24D0 /* Base */,
			);
			name = LaunchScreen.storyboard;
			sourceTree = "<group>";
		};
/* End PBXVariantGroup section */

/* Begin XCBuildConfiguration section */
		DA3D841C29E8B2B9007F24D0 /* Debug */ = {
			isa = XCBuildConfiguration;
			buildSettings = {
				ALWAYS_SEARCH_USER_PATHS = NO;
				CLANG_ANALYZER_NONNULL = YES;
				CLANG_ANALYZER_NUMBER_OBJECT_CONVERSION = YES_AGGRESSIVE;
				CLANG_CXX_LANGUAGE_STANDARD = "gnu++20";
				CLANG_ENABLE_MODULES = YES;
				CLANG_ENABLE_OBJC_ARC = YES;
				CLANG_ENABLE_OBJC_WEAK = YES;
				CLANG_WARN_BLOCK_CAPTURE_AUTORELEASING = YES;
				CLANG_WARN_BOOL_CONVERSION = YES;
				CLANG_WARN_COMMA = YES;
				CLANG_WARN_CONSTANT_CONVERSION = YES;
				CLANG_WARN_DEPRECATED_OBJC_IMPLEMENTATIONS = YES;
				CLANG_WARN_DIRECT_OBJC_ISA_USAGE = YES_ERROR;
				CLANG_WARN_DOCUMENTATION_COMMENTS = YES;
				CLANG_WARN_EMPTY_BODY = YES;
				CLANG_WARN_ENUM_CONVERSION = YES;
				CLANG_WARN_INFINITE_RECURSION = YES;
				CLANG_WARN_INT_CONVERSION = YES;
				CLANG_WARN_NON_LITERAL_NULL_CONVERSION = YES;
				CLANG_WARN_OBJC_IMPLICIT_RETAIN_SELF = YES;
				CLANG_WARN_OBJC_LITERAL_CONVERSION = YES;
				CLANG_WARN_OBJC_ROOT_CLASS = YES_ERROR;
				CLANG_WARN_QUOTED_INCLUDE_IN_FRAMEWORK_HEADER = YES;
				CLANG_WARN_RANGE_LOOP_ANALYSIS = YES;
				CLANG_WARN_STRICT_PROTOTYPES = YES;
				CLANG_WARN_SUSPICIOUS_MOVE = YES;
				CLANG_WARN_UNGUARDED_AVAILABILITY = YES_AGGRESSIVE;
				CLANG_WARN_UNREACHABLE_CODE = YES;
				CLANG_WARN__DUPLICATE_METHOD_MATCH = YES;
				COPY_PHASE_STRIP = NO;
				DEBUG_INFORMATION_FORMAT = dwarf;
				ENABLE_STRICT_OBJC_MSGSEND = YES;
				ENABLE_TESTABILITY = YES;
				GCC_C_LANGUAGE_STANDARD = gnu11;
				GCC_DYNAMIC_NO_PIC = NO;
				GCC_NO_COMMON_BLOCKS = YES;
				GCC_OPTIMIZATION_LEVEL = 0;
				GCC_PREPROCESSOR_DEFINITIONS = (
					"DEBUG=1",
					"$(inherited)",
				);
				GCC_WARN_64_TO_32_BIT_CONVERSION = YES;
				GCC_WARN_ABOUT_RETURN_TYPE = YES_ERROR;
				GCC_WARN_UNDECLARED_SELECTOR = YES;
				GCC_WARN_UNINITIALIZED_AUTOS = YES_AGGRESSIVE;
				GCC_WARN_UNUSED_FUNCTION = YES;
				GCC_WARN_UNUSED_VARIABLE = YES;
				IPHONEOS_DEPLOYMENT_TARGET = 13.0;
				MTL_ENABLE_DEBUG_INFO = INCLUDE_SOURCE;
				MTL_FAST_MATH = YES;
				ONLY_ACTIVE_ARCH = YES;
				SDKROOT = iphoneos;
				SWIFT_ACTIVE_COMPILATION_CONDITIONS = DEBUG;
				SWIFT_OPTIMIZATION_LEVEL = "-Onone";
			};
			name = Debug;
		};
		DA3D841D29E8B2B9007F24D0 /* Release */ = {
			isa = XCBuildConfiguration;
			buildSettings = {
				ALWAYS_SEARCH_USER_PATHS = NO;
				CLANG_ANALYZER_NONNULL = YES;
				CLANG_ANALYZER_NUMBER_OBJECT_CONVERSION = YES_AGGRESSIVE;
				CLANG_CXX_LANGUAGE_STANDARD = "gnu++20";
				CLANG_ENABLE_MODULES = YES;
				CLANG_ENABLE_OBJC_ARC = YES;
				CLANG_ENABLE_OBJC_WEAK = YES;
				CLANG_WARN_BLOCK_CAPTURE_AUTORELEASING = YES;
				CLANG_WARN_BOOL_CONVERSION = YES;
				CLANG_WARN_COMMA = YES;
				CLANG_WARN_CONSTANT_CONVERSION = YES;
				CLANG_WARN_DEPRECATED_OBJC_IMPLEMENTATIONS = YES;
				CLANG_WARN_DIRECT_OBJC_ISA_USAGE = YES_ERROR;
				CLANG_WARN_DOCUMENTATION_COMMENTS = YES;
				CLANG_WARN_EMPTY_BODY = YES;
				CLANG_WARN_ENUM_CONVERSION = YES;
				CLANG_WARN_INFINITE_RECURSION = YES;
				CLANG_WARN_INT_CONVERSION = YES;
				CLANG_WARN_NON_LITERAL_NULL_CONVERSION = YES;
				CLANG_WARN_OBJC_IMPLICIT_RETAIN_SELF = YES;
				CLANG_WARN_OBJC_LITERAL_CONVERSION = YES;
				CLANG_WARN_OBJC_ROOT_CLASS = YES_ERROR;
				CLANG_WARN_QUOTED_INCLUDE_IN_FRAMEWORK_HEADER = YES;
				CLANG_WARN_RANGE_LOOP_ANALYSIS = YES;
				CLANG_WARN_STRICT_PROTOTYPES = YES;
				CLANG_WARN_SUSPICIOUS_MOVE = YES;
				CLANG_WARN_UNGUARDED_AVAILABILITY = YES_AGGRESSIVE;
				CLANG_WARN_UNREACHABLE_CODE = YES;
				CLANG_WARN__DUPLICATE_METHOD_MATCH = YES;
				COPY_PHASE_STRIP = NO;
				DEBUG_INFORMATION_FORMAT = "dwarf-with-dsym";
				ENABLE_NS_ASSERTIONS = NO;
				ENABLE_STRICT_OBJC_MSGSEND = YES;
				GCC_C_LANGUAGE_STANDARD = gnu11;
				GCC_NO_COMMON_BLOCKS = YES;
				GCC_WARN_64_TO_32_BIT_CONVERSION = YES;
				GCC_WARN_ABOUT_RETURN_TYPE = YES_ERROR;
				GCC_WARN_UNDECLARED_SELECTOR = YES;
				GCC_WARN_UNINITIALIZED_AUTOS = YES_AGGRESSIVE;
				GCC_WARN_UNUSED_FUNCTION = YES;
				GCC_WARN_UNUSED_VARIABLE = YES;
				IPHONEOS_DEPLOYMENT_TARGET = 13.0;
				MTL_ENABLE_DEBUG_INFO = NO;
				MTL_FAST_MATH = YES;
				SDKROOT = iphoneos;
				SWIFT_COMPILATION_MODE = wholemodule;
				SWIFT_OPTIMIZATION_LEVEL = "-O";
				VALIDATE_PRODUCT = YES;
			};
			name = Release;
		};
		DA3D841F29E8B2B9007F24D0 /* Debug */ = {
			isa = XCBuildConfiguration;
			baseConfigurationReference = B11EFAEBB0B5B6C818A110CE /* Pods-LibraryApp.debug.xcconfig */;
			buildSettings = {
				ASSETCATALOG_COMPILER_APPICON_NAME = AppIcon;
				ASSETCATALOG_COMPILER_GLOBAL_ACCENT_COLOR_NAME = AccentColor;
				CODE_SIGN_STYLE = Automatic;
				CURRENT_PROJECT_VERSION = 1;
				DEVELOPMENT_TEAM = X6R4LLPCMV;
				GENERATE_INFOPLIST_FILE = YES;
				INFOPLIST_FILE = LibraryApp/Info.plist;
				INFOPLIST_KEY_UIApplicationSupportsIndirectInputEvents = YES;
				INFOPLIST_KEY_UILaunchStoryboardName = LaunchScreen;
				INFOPLIST_KEY_UIMainStoryboardFile = "";
				INFOPLIST_KEY_UISupportedInterfaceOrientations = UIInterfaceOrientationPortrait;
				LD_RUNPATH_SEARCH_PATHS = (
					"$(inherited)",
					"@executable_path/Frameworks",
				);
				MARKETING_VERSION = 1.0;
				PRODUCT_BUNDLE_IDENTIFIER = HaydarTeam.LibraryApp;
				PRODUCT_NAME = "$(TARGET_NAME)";
				SWIFT_EMIT_LOC_STRINGS = YES;
				SWIFT_VERSION = 5.0;
				TARGETED_DEVICE_FAMILY = "1,2";
			};
			name = Debug;
		};
		DA3D842029E8B2B9007F24D0 /* Release */ = {
			isa = XCBuildConfiguration;
			baseConfigurationReference = 4BF406426990BCF62D6F3331 /* Pods-LibraryApp.release.xcconfig */;
			buildSettings = {
				ASSETCATALOG_COMPILER_APPICON_NAME = AppIcon;
				ASSETCATALOG_COMPILER_GLOBAL_ACCENT_COLOR_NAME = AccentColor;
				CODE_SIGN_STYLE = Automatic;
				CURRENT_PROJECT_VERSION = 1;
				DEVELOPMENT_TEAM = X6R4LLPCMV;
				GENERATE_INFOPLIST_FILE = YES;
				INFOPLIST_FILE = LibraryApp/Info.plist;
				INFOPLIST_KEY_UIApplicationSupportsIndirectInputEvents = YES;
				INFOPLIST_KEY_UILaunchStoryboardName = LaunchScreen;
				INFOPLIST_KEY_UIMainStoryboardFile = "";
				INFOPLIST_KEY_UISupportedInterfaceOrientations = UIInterfaceOrientationPortrait;
				LD_RUNPATH_SEARCH_PATHS = (
					"$(inherited)",
					"@executable_path/Frameworks",
				);
				MARKETING_VERSION = 1.0;
				PRODUCT_BUNDLE_IDENTIFIER = HaydarTeam.LibraryApp;
				PRODUCT_NAME = "$(TARGET_NAME)";
				SWIFT_EMIT_LOC_STRINGS = YES;
				SWIFT_VERSION = 5.0;
				TARGETED_DEVICE_FAMILY = "1,2";
			};
			name = Release;
		};
/* End XCBuildConfiguration section */

/* Begin XCConfigurationList section */
		DA3D840529E8B2B7007F24D0 /* Build configuration list for PBXProject "LibraryApp" */ = {
			isa = XCConfigurationList;
			buildConfigurations = (
				DA3D841C29E8B2B9007F24D0 /* Debug */,
				DA3D841D29E8B2B9007F24D0 /* Release */,
			);
			defaultConfigurationIsVisible = 0;
			defaultConfigurationName = Release;
		};
		DA3D841E29E8B2B9007F24D0 /* Build configuration list for PBXNativeTarget "LibraryApp" */ = {
			isa = XCConfigurationList;
			buildConfigurations = (
				DA3D841F29E8B2B9007F24D0 /* Debug */,
				DA3D842029E8B2B9007F24D0 /* Release */,
			);
			defaultConfigurationIsVisible = 0;
			defaultConfigurationName = Release;
		};
/* End XCConfigurationList section */
	};
	rootObject = DA3D840229E8B2B7007F24D0 /* Project object */;
}
